
Microsoft Visual Studio Solution File, Format Version 12.00
# Visual Studio Version 17
VisualStudioVersion = 17.8.34330.188
MinimumVisualStudioVersion = 10.0.40219.1
Project("{9A19103F-16F7-4668-BE54-9A1E7A4F7556}") = "Academia.GestionInventario.WebApi", "Academia.GestionInventario.WebApi.csproj", "{B3AE55F7-250E-4006-A6D0-693217A118C7}"
EndProject
Project("{FAE04EC0-301F-11D3-BF4B-00C04F79EFBC}") = "Academia.GestionInventario.Test", "..\Academia.GestionInventario.Test\Academia.GestionInventario.Test.csproj", "{F8587E5E-D73A-4B7E-9F45-CD92C04B3C60}"
EndProject
Global
	GlobalSection(SolutionConfigurationPlatforms) = preSolution
		Debug|Any CPU = Debug|Any CPU
		Release|Any CPU = Release|Any CPU
	EndGlobalSection
	GlobalSection(ProjectConfigurationPlatforms) = postSolution
		{B3AE55F7-250E-4006-A6D0-693217A118C7}.Debug|Any CPU.ActiveCfg = Debug|Any CPU
		{B3AE55F7-250E-4006-A6D0-693217A118C7}.Debug|Any CPU.Build.0 = Debug|Any CPU
		{B3AE55F7-250E-4006-A6D0-693217A118C7}.Release|Any CPU.ActiveCfg = Release|Any CPU
		{B3AE55F7-250E-4006-A6D0-693217A118C7}.Release|Any CPU.Build.0 = Release|Any CPU
		{F8587E5E-D73A-4B7E-9F45-CD92C04B3C60}.Debug|Any CPU.ActiveCfg = Debug|Any CPU
		{F8587E5E-D73A-4B7E-9F45-CD92C04B3C60}.Debug|Any CPU.Build.0 = Debug|Any CPU
		{F8587E5E-D73A-4B7E-9F45-CD92C04B3C60}.Release|Any CPU.ActiveCfg = Release|Any CPU
		{F8587E5E-D73A-4B7E-9F45-CD92C04B3C60}.Release|Any CPU.Build.0 = Release|Any CPU
	EndGlobalSection
	GlobalSection(SolutionProperties) = preSolution
		HideSolutionNode = FALSE
	EndGlobalSection
	GlobalSection(ExtensibilityGlobals) = postSolution
		SolutionGuid = {001A885A-BA46-4005-A868-5421FE109E0E}
	EndGlobalSection
EndGlobal
